// !$*UTF8*$!
{
	archiveVersion = 1;
	classes = {
	};
	objectVersion = 50;
	objects = {

/* Begin PBXBuildFile section */
		DE303DF522844F49004DB1F1 /* AppDelegate.swift in Sources */ = {isa = PBXBuildFile; fileRef = DE303DF422844F49004DB1F1 /* AppDelegate.swift */; };
		DE303DF722844F49004DB1F1 /* ViewController.swift in Sources */ = {isa = PBXBuildFile; fileRef = DE303DF622844F49004DB1F1 /* ViewController.swift */; };
		DE303DFA22844F49004DB1F1 /* Main.storyboard in Resources */ = {isa = PBXBuildFile; fileRef = DE303DF822844F49004DB1F1 /* Main.storyboard */; };
		DE303DFD22844F49004DB1F1 /* LoginSaticTableLab.xcdatamodeld in Sources */ = {isa = PBXBuildFile; fileRef = DE303DFB22844F49004DB1F1 /* LoginSaticTableLab.xcdatamodeld */; };
		DE303DFF22844F50004DB1F1 /* Assets.xcassets in Resources */ = {isa = PBXBuildFile; fileRef = DE303DFE22844F50004DB1F1 /* Assets.xcassets */; };
		DE303E0222844F50004DB1F1 /* LaunchScreen.storyboard in Resources */ = {isa = PBXBuildFile; fileRef = DE303E0022844F50004DB1F1 /* LaunchScreen.storyboard */; };
/* End PBXBuildFile section */

/* Begin PBXFileReference section */
		DE303DF122844F49004DB1F1 /* LoginSaticTableLab.app */ = {isa = PBXFileReference; explicitFileType = wrapper.application; includeInIndex = 0; path = LoginSaticTableLab.app; sourceTree = BUILT_PRODUCTS_DIR; };
		DE303DF422844F49004DB1F1 /* AppDelegate.swift */ = {isa = PBXFileReference; lastKnownFileType = sourcecode.swift; path = AppDelegate.swift; sourceTree = "<group>"; };
		DE303DF622844F49004DB1F1 /* ViewController.swift */ = {isa = PBXFileReference; lastKnownFileType = sourcecode.swift; path = ViewController.swift; sourceTree = "<group>"; };
		DE303DF922844F49004DB1F1 /* Base */ = {isa = PBXFileReference; lastKnownFileType = file.storyboard; name = Base; path = Base.lproj/Main.storyboard; sourceTree = "<group>"; };
		DE303DFC22844F49004DB1F1 /* LoginSaticTableLab.xcdatamodel */ = {isa = PBXFileReference; lastKnownFileType = wrapper.xcdatamodel; path = LoginSaticTableLab.xcdatamodel; sourceTree = "<group>"; };
		DE303DFE22844F50004DB1F1 /* Assets.xcassets */ = {isa = PBXFileReference; lastKnownFileType = folder.assetcatalog; path = Assets.xcassets; sourceTree = "<group>"; };
		DE303E0122844F50004DB1F1 /* Base */ = {isa = PBXFileReference; lastKnownFileType = file.storyboard; name = Base; path = Base.lproj/LaunchScreen.storyboard; sourceTree = "<group>"; };
		DE303E0322844F50004DB1F1 /* Info.plist */ = {isa = PBXFileReference; lastKnownFileType = text.plist.xml; path = Info.plist; sourceTree = "<group>"; };
/* End PBXFileReference section */

/* Begin PBXFrameworksBuildPhase section */
		DE303DEE22844F49004DB1F1 /* Frameworks */ = {
			isa = PBXFrameworksBuildPhase;
			buildActionMask = 2147483647;
			files = (
			);
			runOnlyForDeploymentPostprocessing = 0;
		};
/* End PBXFrameworksBuildPhase section */

/* Begin PBXGroup section */
		DE303DE822844F49004DB1F1 = {
			isa = PBXGroup;
			children = (
				DE303DF322844F49004DB1F1 /* LoginSaticTableLab */,
				DE303DF222844F49004DB1F1 /* Products */,
			);
			sourceTree = "<group>";
		};
		DE303DF222844F49004DB1F1 /* Products */ = {
			isa = PBXGroup;
			children = (
				DE303DF122844F49004DB1F1 /* LoginSaticTableLab.app */,
			);
			name = Products;
			sourceTree = "<group>";
		};
		DE303DF322844F49004DB1F1 /* LoginSaticTableLab */ = {
			isa = PBXGroup;
			children = (
				DE303DF422844F49004DB1F1 /* AppDelegate.swift */,
				DE303DF622844F49004DB1F1 /* ViewController.swift */,
				DE303DF822844F49004DB1F1 /* Main.storyboard */,
				DE303DFE22844F50004DB1F1 /* Assets.xcassets */,
				DE303E0022844F50004DB1F1 /* LaunchScreen.storyboard */,
				DE303E0322844F50004DB1F1 /* Info.plist */,
				DE303DFB22844F49004DB1F1 /* LoginSaticTableLab.xcdatamodeld */,
			);
			path = LoginSaticTableLab;
			sourceTree = "<group>";
		};
/* End PBXGroup section */

/* Begin PBXNativeTarget section */
		DE303DF022844F49004DB1F1 /* LoginSaticTableLab */ = {
			isa = PBXNativeTarget;
			buildConfigurationList = DE303E0622844F50004DB1F1 /* Build configuration list for PBXNativeTarget "LoginSaticTableLab" */;
			buildPhases = (
				DE303DED22844F49004DB1F1 /* Sources */,
				DE303DEE22844F49004DB1F1 /* Frameworks */,
				DE303DEF22844F49004DB1F1 /* Resources */,
			);
			buildRules = (
			);
			dependencies = (
			);
			name = LoginSaticTableLab;
			productName = LoginSaticTableLab;
			productReference = DE303DF122844F49004DB1F1 /* LoginSaticTableLab.app */;
			productType = "com.apple.product-type.application";
		};
/* End PBXNativeTarget section */

/* Begin PBXProject section */
		DE303DE922844F49004DB1F1 /* Project object */ = {
			isa = PBXProject;
			attributes = {
				LastSwiftUpdateCheck = 1010;
				LastUpgradeCheck = 1010;
				ORGANIZATIONNAME = ITI;
				TargetAttributes = {
					DE303DF022844F49004DB1F1 = {
						CreatedOnToolsVersion = 10.1;
					};
				};
			};
			buildConfigurationList = DE303DEC22844F49004DB1F1 /* Build configuration list for PBXProject "LoginSaticTableLab" */;
			compatibilityVersion = "Xcode 9.3";
			developmentRegion = en;
			hasScannedForEncodings = 0;
			knownRegions = (
				en,
				Base,
			);
			mainGroup = DE303DE822844F49004DB1F1;
			productRefGroup = DE303DF222844F49004DB1F1 /* Products */;
			projectDirPath = "";
			projectRoot = "";
			targets = (
				DE303DF022844F49004DB1F1 /* LoginSaticTableLab */,
			);
		};
/* End PBXProject section */

/* Begin PBXResourcesBuildPhase section */
		DE303DEF22844F49004DB1F1 /* Resources */ = {
			isa = PBXResourcesBuildPhase;
			buildActionMask = 2147483647;
			files = (
				DE303E0222844F50004DB1F1 /* LaunchScreen.storyboard in Resources */,
				DE303DFF22844F50004DB1F1 /* Assets.xcassets in Resources */,
				DE303DFA22844F49004DB1F1 /* Main.storyboard in Resources */,
			);
			runOnlyForDeploymentPostprocessing = 0;
		};
/* End PBXResourcesBuildPhase section */

/* Begin PBXSourcesBuildPhase section */
		DE303DED22844F49004DB1F1 /* Sources */ = {
			isa = PBXSourcesBuildPhase;
			buildActionMask = 2147483647;
			files = (
				DE303DFD22844F49004DB1F1 /* LoginSaticTableLab.xcdatamodeld in Sources */,
				DE303DF722844F49004DB1F1 /* ViewController.swift in Sources */,
				DE303DF522844F49004DB1F1 /* AppDelegate.swift in Sources */,
			);
			runOnlyForDeploymentPostprocessing = 0;
		};
/* End PBXSourcesBuildPhase section */

/* Begin PBXVariantGroup section */
		DE303DF822844F49004DB1F1 /* Main.storyboard */ = {
			isa = PBXVariantGroup;
			children = (
				DE303DF922844F49004DB1F1 /* Base */,
			);
			name = Main.storyboard;
			sourceTree = "<group>";
		};
		DE303E0022844F50004DB1F1 /* LaunchScreen.storyboard */ = {
			isa = PBXVariantGroup;
			children = (
				DE303E0122844F50004DB1F1 /* Base */,
			);
			name = LaunchScreen.storyboard;
			sourceTree = "<group>";
		};
/* End PBXVariantGroup section */

/* Begin XCBuildConfiguration section */
		DE303E0422844F50004DB1F1 /* Debug */ = {
			isa = XCBuildConfiguration;
			buildSettings = {
				ALWAYS_SEARCH_USER_PATHS = NO;
				CLANG_ANALYZER_NONNULL = YES;
				CLANG_ANALYZER_NUMBER_OBJECT_CONVERSION = YES_AGGRESSIVE;
				CLANG_CXX_LANGUAGE_STANDARD = "gnu++14";
				CLANG_CXX_LIBRARY = "libc++";
				CLANG_ENABLE_MODULES = YES;
				CLANG_ENABLE_OBJC_ARC = YES;
				CLANG_ENABLE_OBJC_WEAK = YES;
				CLANG_WARN_BLOCK_CAPTURE_AUTORELEASING = YES;
				CLANG_WARN_BOOL_CONVERSION = YES;
				CLANG_WARN_COMMA = YES;
				CLANG_WARN_CONSTANT_CONVERSION = YES;
				CLANG_WARN_DEPRECATED_OBJC_IMPLEMENTATIONS = YES;
				CLANG_WARN_DIRECT_OBJC_ISA_USAGE = YES_ERROR;
				CLANG_WARN_DOCUMENTATION_COMMENTS = YES;
				CLANG_WARN_EMPTY_BODY = YES;
				CLANG_WARN_ENUM_CONVERSION = YES;
				CLANG_WARN_INFINITE_RECURSION = YES;
				CLANG_WARN_INT_CONVERSION = YES;
				CLANG_WARN_NON_LITERAL_NULL_CONVERSION = YES;
				CLANG_WARN_OBJC_IMPLICIT_RETAIN_SELF = YES;
				CLANG_WARN_OBJC_LITERAL_CONVERSION = YES;
				CLANG_WARN_OBJC_ROOT_CLASS = YES_ERROR;
				CLANG_WARN_RANGE_LOOP_ANALYSIS = YES;
				CLANG_WARN_STRICT_PROTOTYPES = YES;
				CLANG_WARN_SUSPICIOUS_MOVE = YES;
				CLANG_WARN_UNGUARDED_AVAILABILITY = YES_AGGRESSIVE;
				CLANG_WARN_UNREACHABLE_CODE = YES;
				CLANG_WARN__DUPLICATE_METHOD_MATCH = YES;
				CODE_SIGN_IDENTITY = "iPhone Developer";
				COPY_PHASE_STRIP = NO;
				DEBUG_INFORMATION_FORMAT = dwarf;
				ENABLE_STRICT_OBJC_MSGSEND = YES;
				ENABLE_TESTABILITY = YES;
				GCC_C_LANGUAGE_STANDARD = gnu11;
				GCC_DYNAMIC_NO_PIC = NO;
				GCC_NO_COMMON_BLOCKS = YES;
				GCC_OPTIMIZATION_LEVEL = 0;
				GCC_PREPROCESSOR_DEFINITIONS = (
					"DEBUG=1",
					"$(inherited)",
				);
				GCC_WARN_64_TO_32_BIT_CONVERSION = YES;
				GCC_WARN_ABOUT_RETURN_TYPE = YES_ERROR;
				GCC_WARN_UNDECLARED_SELECTOR = YES;
				GCC_WARN_UNINITIALIZED_AUTOS = YES_AGGRESSIVE;
				GCC_WARN_UNUSED_FUNCTION = YES;
				GCC_WARN_UNUSED_VARIABLE = YES;
				IPHONEOS_DEPLOYMENT_TARGET = 12.1;
				MTL_ENABLE_DEBUG_INFO = INCLUDE_SOURCE;
				MTL_FAST_MATH = YES;
				ONLY_ACTIVE_ARCH = YES;
				SDKROOT = iphoneos;
				SWIFT_ACTIVE_COMPILATION_CONDITIONS = DEBUG;
				SWIFT_OPTIMIZATION_LEVEL = "-Onone";
			};
			name = Debug;
		};
		DE303E0522844F50004DB1F1 /* Release */ = {
			isa = XCBuildConfiguration;
			buildSettings = {
				ALWAYS_SEARCH_USER_PATHS = NO;
				CLANG_ANALYZER_NONNULL = YES;
				CLANG_ANALYZER_NUMBER_OBJECT_CONVERSION = YES_AGGRESSIVE;
				CLANG_CXX_LANGUAGE_STANDARD = "gnu++14";
				CLANG_CXX_LIBRARY = "libc++";
				CLANG_ENABLE_MODULES = YES;
				CLANG_ENABLE_OBJC_ARC = YES;
				CLANG_ENABLE_OBJC_WEAK = YES;
				CLANG_WARN_BLOCK_CAPTURE_AUTORELEASING = YES;
				CLANG_WARN_BOOL_CONVERSION = YES;
				CLANG_WARN_COMMA = YES;
				CLANG_WARN_CONSTANT_CONVERSION = YES;
				CLANG_WARN_DEPRECATED_OBJC_IMPLEMENTATIONS = YES;
				CLANG_WARN_DIRECT_OBJC_ISA_USAGE = YES_ERROR;
				CLANG_WARN_DOCUMENTATION_COMMENTS = YES;
				CLANG_WARN_EMPTY_BODY = YES;
				CLANG_WARN_ENUM_CONVERSION = YES;
				CLANG_WARN_INFINITE_RECURSION = YES;
				CLANG_WARN_INT_CONVERSION = YES;
				CLANG_WARN_NON_LITERAL_NULL_CONVERSION = YES;
				CLANG_WARN_OBJC_IMPLICIT_RETAIN_SELF = YES;
				CLANG_WARN_OBJC_LITERAL_CONVERSION = YES;
				CLANG_WARN_OBJC_ROOT_CLASS = YES_ERROR;
				CLANG_WARN_RANGE_LOOP_ANALYSIS = YES;
				CLANG_WARN_STRICT_PROTOTYPES = YES;
				CLANG_WARN_SUSPICIOUS_MOVE = YES;
				CLANG_WARN_UNGUARDED_AVAILABILITY = YES_AGGRESSIVE;
				CLANG_WARN_UNREACHABLE_CODE = YES;
				CLANG_WARN__DUPLICATE_METHOD_MATCH = YES;
				CODE_SIGN_IDENTITY = "iPhone Developer";
				COPY_PHASE_STRIP = NO;
				DEBUG_INFORMATION_FORMAT = "dwarf-with-dsym";
				ENABLE_NS_ASSERTIONS = NO;
				ENABLE_STRICT_OBJC_MSGSEND = YES;
				GCC_C_LANGUAGE_STANDARD = gnu11;
				GCC_NO_COMMON_BLOCKS = YES;
				GCC_WARN_64_TO_32_BIT_CONVERSION = YES;
				GCC_WARN_ABOUT_RETURN_TYPE = YES_ERROR;
				GCC_WARN_UNDECLARED_SELECTOR = YES;
				GCC_WARN_UNINITIALIZED_AUTOS = YES_AGGRESSIVE;
				GCC_WARN_UNUSED_FUNCTION = YES;
				GCC_WARN_UNUSED_VARIABLE = YES;
				IPHONEOS_DEPLOYMENT_TARGET = 12.1;
				MTL_ENABLE_DEBUG_INFO = NO;
				MTL_FAST_MATH = YES;
				SDKROOT = iphoneos;
				SWIFT_COMPILATION_MODE = wholemodule;
				SWIFT_OPTIMIZATION_LEVEL = "-O";
				VALIDATE_PRODUCT = YES;
			};
			name = Release;
		};
		DE303E0722844F50004DB1F1 /* Debug */ = {
			isa = XCBuildConfiguration;
			buildSettings = {
				ASSETCATALOG_COMPILER_APPICON_NAME = AppIcon;
				CODE_SIGN_STYLE = Automatic;
				INFOPLIST_FILE = LoginSaticTableLab/Info.plist;
				LD_RUNPATH_SEARCH_PATHS = (
					"$(inherited)",
					"@executable_path/Frameworks",
				);
				PRODUCT_BUNDLE_IDENTIFIER = JETS.LoginSaticTableLab;
				PRODUCT_NAME = "$(TARGET_NAME)";
				SWIFT_VERSION = 4.2;
				TARGETED_DEVICE_FAMILY = "1,2";
			};
			name = Debug;
		};
		DE303E0822844F50004DB1F1 /* Release */ = {
			isa = XCBuildConfiguration;
			buildSettings = {
				ASSETCATALOG_COMPILER_APPICON_NAME = AppIcon;
				CODE_SIGN_STYLE = Automatic;
				INFOPLIST_FILE = LoginSaticTableLab/Info.plist;
				LD_RUNPATH_SEARCH_PATHS = (
					"$(inherited)",
					"@executable_path/Frameworks",
				);
				PRODUCT_BUNDLE_IDENTIFIER = JETS.LoginSaticTableLab;
				PRODUCT_NAME = "$(TARGET_NAME)";
				SWIFT_VERSION = 4.2;
				TARGETED_DEVICE_FAMILY = "1,2";
			};
			name = Release;
		};
/* End XCBuildConfiguration section */

/* Begin XCConfigurationList section */
		DE303DEC22844F49004DB1F1 /* Build configuration list for PBXProject "LoginSaticTableLab" */ = {
			isa = XCConfigurationList;
			buildConfigurations = (
				DE303E0422844F50004DB1F1 /* Debug */,
				DE303E0522844F50004DB1F1 /* Release */,
			);
			defaultConfigurationIsVisible = 0;
			defaultConfigurationName = Release;
		};
		DE303E0622844F50004DB1F1 /* Build configuration list for PBXNativeTarget "LoginSaticTableLab" */ = {
			isa = XCConfigurationList;
			buildConfigurations = (
				DE303E0722844F50004DB1F1 /* Debug */,
				DE303E0822844F50004DB1F1 /* Release */,
			);
			defaultConfigurationIsVisible = 0;
			defaultConfigurationName = Release;
		};
/* End XCConfigurationList section */

/* Begin XCVersionGroup section */
		DE303DFB22844F49004DB1F1 /* LoginSaticTableLab.xcdatamodeld */ = {
			isa = XCVersionGroup;
			children = (
				DE303DFC22844F49004DB1F1 /* LoginSaticTableLab.xcdatamodel */,
			);
			currentVersion = DE303DFC22844F49004DB1F1 /* LoginSaticTableLab.xcdatamodel */;
			path = LoginSaticTableLab.xcdatamodeld;
			sourceTree = "<group>";
			versionGroupType = wrapper.xcdatamodel;
		};
/* End XCVersionGroup section */
	};
	rootObject = DE303DE922844F49004DB1F1 /* Project object */;
}
