// !$*UTF8*$!
{
	archiveVersion = 1;
	classes = {
	};
	objectVersion = 50;
	objects = {

/* Begin PBXBuildFile section */
		DEA1A3C6226EF0C000A2F209 /* AppDelegate.m in Sources */ = {isa = PBXBuildFile; fileRef = DEA1A3C5226EF0C000A2F209 /* AppDelegate.m */; };
		DEA1A3C9226EF0C000A2F209 /* ViewController.m in Sources */ = {isa = PBXBuildFile; fileRef = DEA1A3C8226EF0C000A2F209 /* ViewController.m */; };
		DEA1A3CC226EF0C000A2F209 /* Main.storyboard in Resources */ = {isa = PBXBuildFile; fileRef = DEA1A3CA226EF0C000A2F209 /* Main.storyboard */; };
		DEA1A3CE226EF0C200A2F209 /* Assets.xcassets in Resources */ = {isa = PBXBuildFile; fileRef = DEA1A3CD226EF0C200A2F209 /* Assets.xcassets */; };
		DEA1A3D1226EF0C200A2F209 /* LaunchScreen.storyboard in Resources */ = {isa = PBXBuildFile; fileRef = DEA1A3CF226EF0C200A2F209 /* LaunchScreen.storyboard */; };
		DEA1A3D4226EF0C200A2F209 /* main.m in Sources */ = {isa = PBXBuildFile; fileRef = DEA1A3D3226EF0C200A2F209 /* main.m */; };
		DEA1A3DC226EFA9900A2F209 /* SecondViewController.m in Sources */ = {isa = PBXBuildFile; fileRef = DEA1A3DB226EFA9900A2F209 /* SecondViewController.m */; };
		DEA1A404226F0FB700A2F209 /* MADAnotation.m in Sources */ = {isa = PBXBuildFile; fileRef = DEA1A403226F0FB700A2F209 /* MADAnotation.m */; };
/* End PBXBuildFile section */

/* Begin PBXFileReference section */
		DEA1A3C1226EF0C000A2F209 /* WebServicesDemo.app */ = {isa = PBXFileReference; explicitFileType = wrapper.application; includeInIndex = 0; path = WebServicesDemo.app; sourceTree = BUILT_PRODUCTS_DIR; };
		DEA1A3C4226EF0C000A2F209 /* AppDelegate.h */ = {isa = PBXFileReference; lastKnownFileType = sourcecode.c.h; path = AppDelegate.h; sourceTree = "<group>"; };
		DEA1A3C5226EF0C000A2F209 /* AppDelegate.m */ = {isa = PBXFileReference; lastKnownFileType = sourcecode.c.objc; path = AppDelegate.m; sourceTree = "<group>"; };
		DEA1A3C7226EF0C000A2F209 /* ViewController.h */ = {isa = PBXFileReference; lastKnownFileType = sourcecode.c.h; path = ViewController.h; sourceTree = "<group>"; };
		DEA1A3C8226EF0C000A2F209 /* ViewController.m */ = {isa = PBXFileReference; lastKnownFileType = sourcecode.c.objc; path = ViewController.m; sourceTree = "<group>"; };
		DEA1A3CB226EF0C000A2F209 /* Base */ = {isa = PBXFileReference; lastKnownFileType = file.storyboard; name = Base; path = Base.lproj/Main.storyboard; sourceTree = "<group>"; };
		DEA1A3CD226EF0C200A2F209 /* Assets.xcassets */ = {isa = PBXFileReference; lastKnownFileType = folder.assetcatalog; path = Assets.xcassets; sourceTree = "<group>"; };
		DEA1A3D0226EF0C200A2F209 /* Base */ = {isa = PBXFileReference; lastKnownFileType = file.storyboard; name = Base; path = Base.lproj/LaunchScreen.storyboard; sourceTree = "<group>"; };
		DEA1A3D2226EF0C200A2F209 /* Info.plist */ = {isa = PBXFileReference; lastKnownFileType = text.plist.xml; path = Info.plist; sourceTree = "<group>"; };
		DEA1A3D3226EF0C200A2F209 /* main.m */ = {isa = PBXFileReference; lastKnownFileType = sourcecode.c.objc; path = main.m; sourceTree = "<group>"; };
		DEA1A3DA226EFA9800A2F209 /* SecondViewController.h */ = {isa = PBXFileReference; lastKnownFileType = sourcecode.c.h; path = SecondViewController.h; sourceTree = "<group>"; };
		DEA1A3DB226EFA9900A2F209 /* SecondViewController.m */ = {isa = PBXFileReference; lastKnownFileType = sourcecode.c.objc; path = SecondViewController.m; sourceTree = "<group>"; };
		DEA1A402226F0FB700A2F209 /* MADAnotation.h */ = {isa = PBXFileReference; lastKnownFileType = sourcecode.c.h; path = MADAnotation.h; sourceTree = "<group>"; };
		DEA1A403226F0FB700A2F209 /* MADAnotation.m */ = {isa = PBXFileReference; lastKnownFileType = sourcecode.c.objc; path = MADAnotation.m; sourceTree = "<group>"; };
/* End PBXFileReference section */

/* Begin PBXFrameworksBuildPhase section */
		DEA1A3BE226EF0C000A2F209 /* Frameworks */ = {
			isa = PBXFrameworksBuildPhase;
			buildActionMask = 2147483647;
			files = (
			);
			runOnlyForDeploymentPostprocessing = 0;
		};
/* End PBXFrameworksBuildPhase section */

/* Begin PBXGroup section */
		DEA1A3B8226EF0C000A2F209 = {
			isa = PBXGroup;
			children = (
				DEA1A3C3226EF0C000A2F209 /* WebServicesDemo */,
				DEA1A3C2226EF0C000A2F209 /* Products */,
			);
			sourceTree = "<group>";
		};
		DEA1A3C2226EF0C000A2F209 /* Products */ = {
			isa = PBXGroup;
			children = (
				DEA1A3C1226EF0C000A2F209 /* WebServicesDemo.app */,
			);
			name = Products;
			sourceTree = "<group>";
		};
		DEA1A3C3226EF0C000A2F209 /* WebServicesDemo */ = {
			isa = PBXGroup;
			children = (
				DEA1A3C4226EF0C000A2F209 /* AppDelegate.h */,
				DEA1A3C5226EF0C000A2F209 /* AppDelegate.m */,
				DEA1A3C7226EF0C000A2F209 /* ViewController.h */,
				DEA1A3C8226EF0C000A2F209 /* ViewController.m */,
				DEA1A3CA226EF0C000A2F209 /* Main.storyboard */,
				DEA1A3CD226EF0C200A2F209 /* Assets.xcassets */,
				DEA1A3CF226EF0C200A2F209 /* LaunchScreen.storyboard */,
				DEA1A3D2226EF0C200A2F209 /* Info.plist */,
				DEA1A3D3226EF0C200A2F209 /* main.m */,
				DEA1A3DA226EFA9800A2F209 /* SecondViewController.h */,
				DEA1A3DB226EFA9900A2F209 /* SecondViewController.m */,
				DEA1A402226F0FB700A2F209 /* MADAnotation.h */,
				DEA1A403226F0FB700A2F209 /* MADAnotation.m */,
			);
			path = WebServicesDemo;
			sourceTree = "<group>";
		};
/* End PBXGroup section */

/* Begin PBXNativeTarget section */
		DEA1A3C0226EF0C000A2F209 /* WebServicesDemo */ = {
			isa = PBXNativeTarget;
			buildConfigurationList = DEA1A3D7226EF0C200A2F209 /* Build configuration list for PBXNativeTarget "WebServicesDemo" */;
			buildPhases = (
				DEA1A3BD226EF0C000A2F209 /* Sources */,
				DEA1A3BE226EF0C000A2F209 /* Frameworks */,
				DEA1A3BF226EF0C000A2F209 /* Resources */,
			);
			buildRules = (
			);
			dependencies = (
			);
			name = WebServicesDemo;
			productName = WebServicesDemo;
			productReference = DEA1A3C1226EF0C000A2F209 /* WebServicesDemo.app */;
			productType = "com.apple.product-type.application";
		};
/* End PBXNativeTarget section */

/* Begin PBXProject section */
		DEA1A3B9226EF0C000A2F209 /* Project object */ = {
			isa = PBXProject;
			attributes = {
				LastUpgradeCheck = 1010;
				ORGANIZATIONNAME = ITI;
				TargetAttributes = {
					DEA1A3C0226EF0C000A2F209 = {
						CreatedOnToolsVersion = 10.1;
					};
				};
			};
			buildConfigurationList = DEA1A3BC226EF0C000A2F209 /* Build configuration list for PBXProject "WebServicesDemo" */;
			compatibilityVersion = "Xcode 9.3";
			developmentRegion = en;
			hasScannedForEncodings = 0;
			knownRegions = (
				en,
				Base,
			);
			mainGroup = DEA1A3B8226EF0C000A2F209;
			productRefGroup = DEA1A3C2226EF0C000A2F209 /* Products */;
			projectDirPath = "";
			projectRoot = "";
			targets = (
				DEA1A3C0226EF0C000A2F209 /* WebServicesDemo */,
			);
		};
/* End PBXProject section */

/* Begin PBXResourcesBuildPhase section */
		DEA1A3BF226EF0C000A2F209 /* Resources */ = {
			isa = PBXResourcesBuildPhase;
			buildActionMask = 2147483647;
			files = (
				DEA1A3D1226EF0C200A2F209 /* LaunchScreen.storyboard in Resources */,
				DEA1A3CE226EF0C200A2F209 /* Assets.xcassets in Resources */,
				DEA1A3CC226EF0C000A2F209 /* Main.storyboard in Resources */,
			);
			runOnlyForDeploymentPostprocessing = 0;
		};
/* End PBXResourcesBuildPhase section */

/* Begin PBXSourcesBuildPhase section */
		DEA1A3BD226EF0C000A2F209 /* Sources */ = {
			isa = PBXSourcesBuildPhase;
			buildActionMask = 2147483647;
			files = (
				DEA1A3DC226EFA9900A2F209 /* SecondViewController.m in Sources */,
				DEA1A404226F0FB700A2F209 /* MADAnotation.m in Sources */,
				DEA1A3C9226EF0C000A2F209 /* ViewController.m in Sources */,
				DEA1A3D4226EF0C200A2F209 /* main.m in Sources */,
				DEA1A3C6226EF0C000A2F209 /* AppDelegate.m in Sources */,
			);
			runOnlyForDeploymentPostprocessing = 0;
		};
/* End PBXSourcesBuildPhase section */

/* Begin PBXVariantGroup section */
		DEA1A3CA226EF0C000A2F209 /* Main.storyboard */ = {
			isa = PBXVariantGroup;
			children = (
				DEA1A3CB226EF0C000A2F209 /* Base */,
			);
			name = Main.storyboard;
			sourceTree = "<group>";
		};
		DEA1A3CF226EF0C200A2F209 /* LaunchScreen.storyboard */ = {
			isa = PBXVariantGroup;
			children = (
				DEA1A3D0226EF0C200A2F209 /* Base */,
			);
			name = LaunchScreen.storyboard;
			sourceTree = "<group>";
		};
/* End PBXVariantGroup section */

/* Begin XCBuildConfiguration section */
		DEA1A3D5226EF0C200A2F209 /* Debug */ = {
			isa = XCBuildConfiguration;
			buildSettings = {
				ALWAYS_SEARCH_USER_PATHS = NO;
				CLANG_ANALYZER_NONNULL = YES;
				CLANG_ANALYZER_NUMBER_OBJECT_CONVERSION = YES_AGGRESSIVE;
				CLANG_CXX_LANGUAGE_STANDARD = "gnu++14";
				CLANG_CXX_LIBRARY = "libc++";
				CLANG_ENABLE_MODULES = YES;
				CLANG_ENABLE_OBJC_ARC = YES;
				CLANG_ENABLE_OBJC_WEAK = YES;
				CLANG_WARN_BLOCK_CAPTURE_AUTORELEASING = YES;
				CLANG_WARN_BOOL_CONVERSION = YES;
				CLANG_WARN_COMMA = YES;
				CLANG_WARN_CONSTANT_CONVERSION = YES;
				CLANG_WARN_DEPRECATED_OBJC_IMPLEMENTATIONS = YES;
				CLANG_WARN_DIRECT_OBJC_ISA_USAGE = YES_ERROR;
				CLANG_WARN_DOCUMENTATION_COMMENTS = YES;
				CLANG_WARN_EMPTY_BODY = YES;
				CLANG_WARN_ENUM_CONVERSION = YES;
				CLANG_WARN_INFINITE_RECURSION = YES;
				CLANG_WARN_INT_CONVERSION = YES;
				CLANG_WARN_NON_LITERAL_NULL_CONVERSION = YES;
				CLANG_WARN_OBJC_IMPLICIT_RETAIN_SELF = YES;
				CLANG_WARN_OBJC_LITERAL_CONVERSION = YES;
				CLANG_WARN_OBJC_ROOT_CLASS = YES_ERROR;
				CLANG_WARN_RANGE_LOOP_ANALYSIS = YES;
				CLANG_WARN_STRICT_PROTOTYPES = YES;
				CLANG_WARN_SUSPICIOUS_MOVE = YES;
				CLANG_WARN_UNGUARDED_AVAILABILITY = YES_AGGRESSIVE;
				CLANG_WARN_UNREACHABLE_CODE = YES;
				CLANG_WARN__DUPLICATE_METHOD_MATCH = YES;
				CODE_SIGN_IDENTITY = "iPhone Developer";
				COPY_PHASE_STRIP = NO;
				DEBUG_INFORMATION_FORMAT = dwarf;
				ENABLE_STRICT_OBJC_MSGSEND = YES;
				ENABLE_TESTABILITY = YES;
				GCC_C_LANGUAGE_STANDARD = gnu11;
				GCC_DYNAMIC_NO_PIC = NO;
				GCC_NO_COMMON_BLOCKS = YES;
				GCC_OPTIMIZATION_LEVEL = 0;
				GCC_PREPROCESSOR_DEFINITIONS = (
					"DEBUG=1",
					"$(inherited)",
				);
				GCC_WARN_64_TO_32_BIT_CONVERSION = YES;
				GCC_WARN_ABOUT_RETURN_TYPE = YES_ERROR;
				GCC_WARN_UNDECLARED_SELECTOR = YES;
				GCC_WARN_UNINITIALIZED_AUTOS = YES_AGGRESSIVE;
				GCC_WARN_UNUSED_FUNCTION = YES;
				GCC_WARN_UNUSED_VARIABLE = YES;
				IPHONEOS_DEPLOYMENT_TARGET = 12.1;
				MTL_ENABLE_DEBUG_INFO = INCLUDE_SOURCE;
				MTL_FAST_MATH = YES;
				ONLY_ACTIVE_ARCH = YES;
				SDKROOT = iphoneos;
			};
			name = Debug;
		};
		DEA1A3D6226EF0C200A2F209 /* Release */ = {
			isa = XCBuildConfiguration;
			buildSettings = {
				ALWAYS_SEARCH_USER_PATHS = NO;
				CLANG_ANALYZER_NONNULL = YES;
				CLANG_ANALYZER_NUMBER_OBJECT_CONVERSION = YES_AGGRESSIVE;
				CLANG_CXX_LANGUAGE_STANDARD = "gnu++14";
				CLANG_CXX_LIBRARY = "libc++";
				CLANG_ENABLE_MODULES = YES;
				CLANG_ENABLE_OBJC_ARC = YES;
				CLANG_ENABLE_OBJC_WEAK = YES;
				CLANG_WARN_BLOCK_CAPTURE_AUTORELEASING = YES;
				CLANG_WARN_BOOL_CONVERSION = YES;
				CLANG_WARN_COMMA = YES;
				CLANG_WARN_CONSTANT_CONVERSION = YES;
				CLANG_WARN_DEPRECATED_OBJC_IMPLEMENTATIONS = YES;
				CLANG_WARN_DIRECT_OBJC_ISA_USAGE = YES_ERROR;
				CLANG_WARN_DOCUMENTATION_COMMENTS = YES;
				CLANG_WARN_EMPTY_BODY = YES;
				CLANG_WARN_ENUM_CONVERSION = YES;
				CLANG_WARN_INFINITE_RECURSION = YES;
				CLANG_WARN_INT_CONVERSION = YES;
				CLANG_WARN_NON_LITERAL_NULL_CONVERSION = YES;
				CLANG_WARN_OBJC_IMPLICIT_RETAIN_SELF = YES;
				CLANG_WARN_OBJC_LITERAL_CONVERSION = YES;
				CLANG_WARN_OBJC_ROOT_CLASS = YES_ERROR;
				CLANG_WARN_RANGE_LOOP_ANALYSIS = YES;
				CLANG_WARN_STRICT_PROTOTYPES = YES;
				CLANG_WARN_SUSPICIOUS_MOVE = YES;
				CLANG_WARN_UNGUARDED_AVAILABILITY = YES_AGGRESSIVE;
				CLANG_WARN_UNREACHABLE_CODE = YES;
				CLANG_WARN__DUPLICATE_METHOD_MATCH = YES;
				CODE_SIGN_IDENTITY = "iPhone Developer";
				COPY_PHASE_STRIP = NO;
				DEBUG_INFORMATION_FORMAT = "dwarf-with-dsym";
				ENABLE_NS_ASSERTIONS = NO;
				ENABLE_STRICT_OBJC_MSGSEND = YES;
				GCC_C_LANGUAGE_STANDARD = gnu11;
				GCC_NO_COMMON_BLOCKS = YES;
				GCC_WARN_64_TO_32_BIT_CONVERSION = YES;
				GCC_WARN_ABOUT_RETURN_TYPE = YES_ERROR;
				GCC_WARN_UNDECLARED_SELECTOR = YES;
				GCC_WARN_UNINITIALIZED_AUTOS = YES_AGGRESSIVE;
				GCC_WARN_UNUSED_FUNCTION = YES;
				GCC_WARN_UNUSED_VARIABLE = YES;
				IPHONEOS_DEPLOYMENT_TARGET = 12.1;
				MTL_ENABLE_DEBUG_INFO = NO;
				MTL_FAST_MATH = YES;
				SDKROOT = iphoneos;
				VALIDATE_PRODUCT = YES;
			};
			name = Release;
		};
		DEA1A3D8226EF0C200A2F209 /* Debug */ = {
			isa = XCBuildConfiguration;
			buildSettings = {
				ASSETCATALOG_COMPILER_APPICON_NAME = AppIcon;
				CODE_SIGN_STYLE = Automatic;
				INFOPLIST_FILE = WebServicesDemo/Info.plist;
				LD_RUNPATH_SEARCH_PATHS = (
					"$(inherited)",
					"@executable_path/Frameworks",
				);
				PRODUCT_BUNDLE_IDENTIFIER = JETS.WebServicesDemo;
				PRODUCT_NAME = "$(TARGET_NAME)";
				TARGETED_DEVICE_FAMILY = "1,2";
			};
			name = Debug;
		};
		DEA1A3D9226EF0C200A2F209 /* Release */ = {
			isa = XCBuildConfiguration;
			buildSettings = {
				ASSETCATALOG_COMPILER_APPICON_NAME = AppIcon;
				CODE_SIGN_STYLE = Automatic;
				INFOPLIST_FILE = WebServicesDemo/Info.plist;
				LD_RUNPATH_SEARCH_PATHS = (
					"$(inherited)",
					"@executable_path/Frameworks",
				);
				PRODUCT_BUNDLE_IDENTIFIER = JETS.WebServicesDemo;
				PRODUCT_NAME = "$(TARGET_NAME)";
				TARGETED_DEVICE_FAMILY = "1,2";
			};
			name = Release;
		};
/* End XCBuildConfiguration section */

/* Begin XCConfigurationList section */
		DEA1A3BC226EF0C000A2F209 /* Build configuration list for PBXProject "WebServicesDemo" */ = {
			isa = XCConfigurationList;
			buildConfigurations = (
				DEA1A3D5226EF0C200A2F209 /* Debug */,
				DEA1A3D6226EF0C200A2F209 /* Release */,
			);
			defaultConfigurationIsVisible = 0;
			defaultConfigurationName = Release;
		};
		DEA1A3D7226EF0C200A2F209 /* Build configuration list for PBXNativeTarget "WebServicesDemo" */ = {
			isa = XCConfigurationList;
			buildConfigurations = (
				DEA1A3D8226EF0C200A2F209 /* Debug */,
				DEA1A3D9226EF0C200A2F209 /* Release */,
			);
			defaultConfigurationIsVisible = 0;
			defaultConfigurationName = Release;
		};
/* End XCConfigurationList section */
	};
	rootObject = DEA1A3B9226EF0C000A2F209 /* Project object */;
}
